{
  "version": 4,
  "terraform_version": "1.11.0",
  "serial": 7,
  "lineage": "8e94cbb7-6193-8e8d-8818-e4b289b7e800",
  "outputs": {},
  "resources": [
    {
      "mode": "managed",
      "type": "aws_eks_cluster",
      "name": "eks_cluster_test",
      "provider": "provider[\"registry.terraform.io/hashicorp/aws\"]",
      "instances": [
        {
          "schema_version": 1,
          "attributes": {
            "access_config": [
              {
                "authentication_mode": "CONFIG_MAP",
                "bootstrap_cluster_creator_admin_permissions": true
              }
            ],
            "arn": "arn:aws:eks:eu-central-1:585768155207:cluster/eks-cluster-test",
            "bootstrap_self_managed_addons": true,
            "certificate_authority": [
              {
                "data": "LS0tLS1CRUdJTiBDRVJUSUZJQ0FURS0tLS0tCk1JSURCVENDQWUyZ0F3SUJBZ0lJWGR5L2IwbXlVUzh3RFFZSktvWklodmNOQVFFTEJRQXdGVEVUTUJFR0ExVUUKQXhNS2EzVmlaWEp1WlhSbGN6QWVGdzB5TlRBek1ESXhORFEyTWpWYUZ3MHpOVEF5TWpneE5EVXhNalZhTUJVeApFekFSQmdOVkJBTVRDbXQxWW1WeWJtVjBaWE13Z2dFaU1BMEdDU3FHU0liM0RRRUJBUVVBQTRJQkR3QXdnZ0VLCkFvSUJBUURXQUtCWHlBMkVrN0tTQmdNazZPUUo1bkRabFJGYm1RQ05vdlMvZnV3S1VZcXhGRlFvSmNJbUJibGUKSkptYkVqTCszYmsvUS9iWHF6WjNaaUVuakZXdFdkZktzNVlUOUhxREx0ajFscHpwMWc1R0NDRWo1aVpCOFZ5dgpVQ0xuU0Y0UG5RNTljUzd6eDRwai8zenBZREt1ZVJPcmlxMEptckZ6QStMSHd0NXU0ZUVXempRYW53VGFSRm9vCmt2K2dZMEVoL0tvTW1jUFBHU0RITzcxU013b0VRUkcvMjhMWTNZa0hKTUJXSTA1MlFtM3VKUW83TnMxQkluZzQKUnU0Q1pDa3JSa0oveFpueXJ4MlRZRkRWL1VTbnhMVE1YMWJ2RlZkTGFRRkJtdTBTSjJMekFLR29aRGNHUVNiZgpFclE3a0dwcnRFeHB6YkZzaGo4OW9SUDYzZlJMQWdNQkFBR2pXVEJYTUE0R0ExVWREd0VCL3dRRUF3SUNwREFQCkJnTlZIUk1CQWY4RUJUQURBUUgvTUIwR0ExVWREZ1FXQkJUMzJIakNobGE2bjc0SmVudjlhTFBWSDZha1BUQVYKQmdOVkhSRUVEakFNZ2dwcmRXSmxjbTVsZEdWek1BMEdDU3FHU0liM0RRRUJDd1VBQTRJQkFRQVgxa1JKZnFjbgpxVFhZUWhldytlWDgzeEJNYjBLV2ZpYzJiZUgrMGRxL2VxYngwazBFb2FUN1dqN2VGTHN6NURtcnliT0VQbnBSCkJrbnhoemRyanhLMmNmaDc0QXJub1ZtbVhQYVVxSDV5TFJEWUxBQ1lib1JXMHpFV2RBK0lUalFmTTBmTi9HalgKb0RweFFEWkY4QTRTK01rNnZMT3A0NWpZUlJ0a01SN3FWZzZPNjRaL3FNRm43ancxZWhRdjQ2UThQOCs0U0xldgpUMU9vWUhUSjUyc0ZnTEs1MHBjT1lPODFlNXNweFl6R1BpbWloRk02NEx4Nk5RVWtiTnkvakhWc1NnRGZYdGhlClBRWURoZjZGTWNjaE5oQWwxaTh0bnVXZ0NqcS9oelRKK0xnU0Y5YWhyTW5ZUmRJMU1ubmRjYnRTcEVLUGVKQTMKTnJ1SVFIcTZXcUJVCi0tLS0tRU5EIENFUlRJRklDQVRFLS0tLS0K"
              }
            ],
            "cluster_id": null,
            "compute_config": [],
            "created_at": "2025-03-02T14:46:58Z",
            "enabled_cluster_log_types": null,
            "encryption_config": [],
            "endpoint": "https://282ACEE6DA62D9645A1654361F4A0D0A.gr7.eu-central-1.eks.amazonaws.com",
            "id": "eks-cluster-test",
            "identity": [
              {
                "oidc": [
                  {
                    "issuer": "https://oidc.eks.eu-central-1.amazonaws.com/id/282ACEE6DA62D9645A1654361F4A0D0A"
                  }
                ]
              }
            ],
            "kubernetes_network_config": [
              {
                "elastic_load_balancing": [
                  {
                    "enabled": false
                  }
                ],
                "ip_family": "ipv4",
                "service_ipv4_cidr": "172.20.0.0/16",
                "service_ipv6_cidr": ""
              }
            ],
            "name": "eks-cluster-test",
            "outpost_config": [],
            "platform_version": "eks.41",
            "remote_network_config": [],
            "role_arn": "arn:aws:iam::585768155207:role/eks-cluster-test-role",
            "status": "ACTIVE",
            "storage_config": [],
            "tags": null,
            "tags_all": {},
            "timeouts": null,
            "upgrade_policy": [
              {
                "support_type": "EXTENDED"
              }
            ],
            "version": "1.27",
            "vpc_config": [
              {
                "cluster_security_group_id": "sg-04b5722a258c09d3e",
                "endpoint_private_access": false,
                "endpoint_public_access": true,
                "public_access_cidrs": [
                  "0.0.0.0/0"
                ],
                "security_group_ids": null,
                "subnet_ids": [
                  "subnet-01d8c5e126f01b6e9",
                  "subnet-0a19cc3897e378564"
                ],
                "vpc_id": "vpc-06d036cc81ffed81d"
              }
            ],
            "zonal_shift_config": []
          },
          "sensitive_attributes": [],
          "private": "eyJlMmJmYjczMC1lY2FhLTExZTYtOGY4OC0zNDM2M2JjN2M0YzAiOnsiY3JlYXRlIjoxODAwMDAwMDAwMDAwLCJkZWxldGUiOjkwMDAwMDAwMDAwMCwidXBkYXRlIjozNjAwMDAwMDAwMDAwfSwic2NoZW1hX3ZlcnNpb24iOiIxIn0=",
          "dependencies": [
            "aws_iam_role.eks_cluster_test_role",
            "aws_subnet.public_subnet_test_a",
            "aws_subnet.public_subnet_test_b",
            "aws_vpc.eks_vpc"
          ]
        }
      ]
    },
    {
      "mode": "managed",
      "type": "aws_iam_policy_attachment",
      "name": "eks_cluster_test_policy_attach",
      "provider": "provider[\"registry.terraform.io/hashicorp/aws\"]",
      "instances": [
        {
          "schema_version": 0,
          "attributes": {
            "groups": null,
            "id": "eks-cluster-test-policy-attachment",
            "name": "eks-cluster-test-policy-attachment",
            "policy_arn": "arn:aws:iam::aws:policy/AmazonEKSClusterPolicy",
            "roles": [
              "eks-cluster-test-role"
            ],
            "users": null
          },
          "sensitive_attributes": [],
          "private": "bnVsbA==",
          "dependencies": [
            "aws_iam_role.eks_cluster_test_role"
          ]
        }
      ]
    },
    {
      "mode": "managed",
      "type": "aws_iam_role",
      "name": "eks_cluster_test_role",
      "provider": "provider[\"registry.terraform.io/hashicorp/aws\"]",
      "instances": [
        {
          "schema_version": 0,
          "attributes": {
            "arn": "arn:aws:iam::585768155207:role/eks-cluster-test-role",
            "assume_role_policy": "{\"Statement\":[{\"Action\":\"sts:AssumeRole\",\"Effect\":\"Allow\",\"Principal\":{\"Service\":\"eks.amazonaws.com\"}}],\"Version\":\"2012-10-17\"}",
            "create_date": "2025-03-02T14:46:53Z",
            "description": "",
            "force_detach_policies": false,
            "id": "eks-cluster-test-role",
            "inline_policy": [],
            "managed_policy_arns": [],
            "max_session_duration": 3600,
            "name": "eks-cluster-test-role",
            "name_prefix": "",
            "path": "/",
            "permissions_boundary": "",
            "tags": null,
            "tags_all": {},
            "unique_id": "AROAYQYUAXBDR6IB6Z55I"
          },
          "sensitive_attributes": [],
          "private": "bnVsbA=="
        }
      ]
    },
    {
      "mode": "managed",
      "type": "aws_subnet",
      "name": "public_subnet_test_a",
      "provider": "provider[\"registry.terraform.io/hashicorp/aws\"]",
      "instances": [
        {
          "schema_version": 1,
          "attributes": {
            "arn": "arn:aws:ec2:eu-central-1:585768155207:subnet/subnet-0a19cc3897e378564",
            "assign_ipv6_address_on_creation": false,
            "availability_zone": "eu-central-1a",
            "availability_zone_id": "euc1-az2",
            "cidr_block": "10.0.1.0/24",
            "customer_owned_ipv4_pool": "",
            "enable_dns64": false,
            "enable_lni_at_device_index": 0,
            "enable_resource_name_dns_a_record_on_launch": false,
            "enable_resource_name_dns_aaaa_record_on_launch": false,
            "id": "subnet-0a19cc3897e378564",
            "ipv6_cidr_block": "",
            "ipv6_cidr_block_association_id": "",
            "ipv6_native": false,
            "map_customer_owned_ip_on_launch": false,
            "map_public_ip_on_launch": false,
            "outpost_arn": "",
            "owner_id": "585768155207",
            "private_dns_hostname_type_on_launch": "ip-name",
            "tags": null,
            "tags_all": {},
            "timeouts": null,
            "vpc_id": "vpc-06d036cc81ffed81d"
          },
          "sensitive_attributes": [],
          "private": "eyJlMmJmYjczMC1lY2FhLTExZTYtOGY4OC0zNDM2M2JjN2M0YzAiOnsiY3JlYXRlIjo2MDAwMDAwMDAwMDAsImRlbGV0ZSI6MTIwMDAwMDAwMDAwMH0sInNjaGVtYV92ZXJzaW9uIjoiMSJ9",
          "dependencies": [
            "aws_vpc.eks_vpc"
          ]
        }
      ]
    },
    {
      "mode": "managed",
      "type": "aws_subnet",
      "name": "public_subnet_test_b",
      "provider": "provider[\"registry.terraform.io/hashicorp/aws\"]",
      "instances": [
        {
          "schema_version": 1,
          "attributes": {
            "arn": "arn:aws:ec2:eu-central-1:585768155207:subnet/subnet-01d8c5e126f01b6e9",
            "assign_ipv6_address_on_creation": false,
            "availability_zone": "eu-central-1b",
            "availability_zone_id": "euc1-az3",
            "cidr_block": "10.0.2.0/24",
            "customer_owned_ipv4_pool": "",
            "enable_dns64": false,
            "enable_lni_at_device_index": 0,
            "enable_resource_name_dns_a_record_on_launch": false,
            "enable_resource_name_dns_aaaa_record_on_launch": false,
            "id": "subnet-01d8c5e126f01b6e9",
            "ipv6_cidr_block": "",
            "ipv6_cidr_block_association_id": "",
            "ipv6_native": false,
            "map_customer_owned_ip_on_launch": false,
            "map_public_ip_on_launch": false,
            "outpost_arn": "",
            "owner_id": "585768155207",
            "private_dns_hostname_type_on_launch": "ip-name",
            "tags": null,
            "tags_all": {},
            "timeouts": null,
            "vpc_id": "vpc-06d036cc81ffed81d"
          },
          "sensitive_attributes": [],
          "private": "eyJlMmJmYjczMC1lY2FhLTExZTYtOGY4OC0zNDM2M2JjN2M0YzAiOnsiY3JlYXRlIjo2MDAwMDAwMDAwMDAsImRlbGV0ZSI6MTIwMDAwMDAwMDAwMH0sInNjaGVtYV92ZXJzaW9uIjoiMSJ9",
          "dependencies": [
            "aws_vpc.eks_vpc"
          ]
        }
      ]
    },
    {
      "mode": "managed",
      "type": "aws_vpc",
      "name": "eks_vpc",
      "provider": "provider[\"registry.terraform.io/hashicorp/aws\"]",
      "instances": [
        {
          "schema_version": 1,
          "attributes": {
            "arn": "arn:aws:ec2:eu-central-1:585768155207:vpc/vpc-06d036cc81ffed81d",
            "assign_generated_ipv6_cidr_block": false,
            "cidr_block": "10.0.0.0/16",
            "default_network_acl_id": "acl-01f20b99263b81e99",
            "default_route_table_id": "rtb-08aa11dfcda8abb17",
            "default_security_group_id": "sg-0503ddf518bb32176",
            "dhcp_options_id": "dopt-0a226966b57486453",
            "enable_dns_hostnames": false,
            "enable_dns_support": true,
            "enable_network_address_usage_metrics": false,
            "id": "vpc-06d036cc81ffed81d",
            "instance_tenancy": "default",
            "ipv4_ipam_pool_id": null,
            "ipv4_netmask_length": null,
            "ipv6_association_id": "",
            "ipv6_cidr_block": "",
            "ipv6_cidr_block_network_border_group": "",
            "ipv6_ipam_pool_id": "",
            "ipv6_netmask_length": 0,
            "main_route_table_id": "rtb-08aa11dfcda8abb17",
            "owner_id": "585768155207",
            "tags": {
              "Name": "eks-test-vpc"
            },
            "tags_all": {
              "Name": "eks-test-vpc"
            }
          },
          "sensitive_attributes": [],
          "private": "eyJzY2hlbWFfdmVyc2lvbiI6IjEifQ=="
        }
      ]
    }
  ],
  "check_results": null
}
